
Microsoft Visual Studio Solution File, Format Version 12.00
Project("{FAE04EC0-301F-11D3-BF4B-00C04F79EFBC}") = "SkiaSharpOffscreen", "SkiaSharpOffscreen\SkiaSharpOffscreen.csproj", "{51A5D4A3-1E4C-4551-9FD0-B63B43F47330}"
EndProject
Project("{FAE04EC0-301F-11D3-BF4B-00C04F79EFBC}") = "OffscreenVulkan", "OffscreenVulkan\OffscreenVulkan.csproj", "{6B49C5AA-251E-41DD-88CF-B670769A0D66}"
EndProject
Project("{FAE04EC0-301F-11D3-BF4B-00C04F79EFBC}") = "OffscreenOpenGl", "OffscreenOpenGl\OffscreenOpenGl.csproj", "{B487A29A-9E59-45FD-8777-7429B628654B}"
EndProject
Global
	GlobalSection(SolutionConfigurationPlatforms) = preSolution
		Debug|Any CPU = Debug|Any CPU
		Release|Any CPU = Release|Any CPU
	EndGlobalSection
	GlobalSection(ProjectConfigurationPlatforms) = postSolution
		{51A5D4A3-1E4C-4551-9FD0-B63B43F47330}.Debug|Any CPU.ActiveCfg = Debug|Any CPU
		{51A5D4A3-1E4C-4551-9FD0-B63B43F47330}.Debug|Any CPU.Build.0 = Debug|Any CPU
		{51A5D4A3-1E4C-4551-9FD0-B63B43F47330}.Release|Any CPU.ActiveCfg = Release|Any CPU
		{51A5D4A3-1E4C-4551-9FD0-B63B43F47330}.Release|Any CPU.Build.0 = Release|Any CPU
		{6B49C5AA-251E-41DD-88CF-B670769A0D66}.Debug|Any CPU.ActiveCfg = Debug|Any CPU
		{6B49C5AA-251E-41DD-88CF-B670769A0D66}.Debug|Any CPU.Build.0 = Debug|Any CPU
		{6B49C5AA-251E-41DD-88CF-B670769A0D66}.Release|Any CPU.ActiveCfg = Release|Any CPU
		{6B49C5AA-251E-41DD-88CF-B670769A0D66}.Release|Any CPU.Build.0 = Release|Any CPU
		{B487A29A-9E59-45FD-8777-7429B628654B}.Debug|Any CPU.ActiveCfg = Debug|Any CPU
		{B487A29A-9E59-45FD-8777-7429B628654B}.Debug|Any CPU.Build.0 = Debug|Any CPU
		{B487A29A-9E59-45FD-8777-7429B628654B}.Release|Any CPU.ActiveCfg = Release|Any CPU
		{B487A29A-9E59-45FD-8777-7429B628654B}.Release|Any CPU.Build.0 = Release|Any CPU
	EndGlobalSection
EndGlobal
